lockfileVersion: '9.0'

settings:
  autoInstallPeers: true
  excludeLinksFromLockfile: false

importers:

  .:
    dependencies:
      '@types/chrome':
        specifier: ^0.0.267
        version: 0.0.267

packages:

  '@types/chrome@0.0.267':
    resolution: {integrity: sha512-vnCWPpYjazSPRMNmybRH+0q4f738F+Pbbls4ZPFsPr9/4TTNJyK1OLZDpSnghnEWb4stfmIUtq/GegnlfD4sPA==}

  '@types/filesystem@0.0.36':
    resolution: {integrity: sha512-vPDXOZuannb9FZdxgHnqSwAG/jvdGM8Wq+6N4D/d80z+D4HWH+bItqsZaVRQykAn6WEVeEkLm2oQigyHtgb0RA==}

  '@types/filewriter@0.0.33':
    resolution: {integrity: sha512-xFU8ZXTw4gd358lb2jw25nxY9QAgqn2+bKKjKOYfNCzN4DKCFetK7sPtrlpg66Ywe3vWY9FNxprZawAh9wfJ3g==}

  '@types/har-format@1.2.15':
    resolution: {integrity: sha512-RpQH4rXLuvTXKR0zqHq3go0RVXYv/YVqv4TnPH95VbwUxZdQlK1EtcMvQvMpDngHbt13Csh9Z4qT9AbkiQH5BA==}

snapshots:

  '@types/chrome@0.0.267':
    dependencies:
      '@types/filesystem': 0.0.36
      '@types/har-format': 1.2.15

  '@types/filesystem@0.0.36':
    dependencies:
      '@types/filewriter': 0.0.33

  '@types/filewriter@0.0.33': {}

  '@types/har-format@1.2.15': {}
